// !$*UTF8*$!
{
	archiveVersion = 1;
	classes = {
	};
	objectVersion = 52;
	objects = {

/* Begin PBXBuildFile section */
		47266EEA248BA917004D57DE /* Assets.xcassets in Resources */ = {isa = PBXBuildFile; fileRef = 47266EE9248BA916004D57DE /* Assets.xcassets */; };
		47266EEE248BA91E004D57DE /* Main.storyboard in Resources */ = {isa = PBXBuildFile; fileRef = 47266EEC248BA91E004D57DE /* Main.storyboard */; };
		47266EF1248BA926004D57DE /* Preview Assets.xcassets in Resources */ = {isa = PBXBuildFile; fileRef = 47266EF0248BA926004D57DE /* Preview Assets.xcassets */; };
		47266EF6248BA933004D57DE /* ProjectUtilities.swift in Sources */ = {isa = PBXBuildFile; fileRef = 47266EF5248BA932004D57DE /* ProjectUtilities.swift */; };
		47266EFF248BA93C004D57DE /* Tooltip.swift in Sources */ = {isa = PBXBuildFile; fileRef = 47266EF8248BA93C004D57DE /* Tooltip.swift */; };
		47266F00248BA93C004D57DE /* GeneralSheet.swift in Sources */ = {isa = PBXBuildFile; fileRef = 47266EFA248BA93C004D57DE /* GeneralSheet.swift */; };
		47266F01248BA93C004D57DE /* AddRepoSheet.swift in Sources */ = {isa = PBXBuildFile; fileRef = 47266EFB248BA93C004D57DE /* AddRepoSheet.swift */; };
		47266F02248BA93C004D57DE /* RootView.swift in Sources */ = {isa = PBXBuildFile; fileRef = 47266EFC248BA93C004D57DE /* RootView.swift */; };
		47266F03248BA93C004D57DE /* SearchBar.swift in Sources */ = {isa = PBXBuildFile; fileRef = 47266EFD248BA93C004D57DE /* SearchBar.swift */; };
		47266F04248BA93C004D57DE /* TitlebarView.swift in Sources */ = {isa = PBXBuildFile; fileRef = 47266EFE248BA93C004D57DE /* TitlebarView.swift */; };
		47266F0A248BA944004D57DE /* DidChoosePlaygrounds.swift in Sources */ = {isa = PBXBuildFile; fileRef = 47266F05248BA944004D57DE /* DidChoosePlaygrounds.swift */; };
		47266F0B248BA944004D57DE /* FilterRepositories.swift in Sources */ = {isa = PBXBuildFile; fileRef = 47266F06248BA944004D57DE /* FilterRepositories.swift */; };
		47266F0C248BA944004D57DE /* Globals.swift in Sources */ = {isa = PBXBuildFile; fileRef = 47266F07248BA944004D57DE /* Globals.swift */; };
		47266F0D248BA944004D57DE /* Images.swift in Sources */ = {isa = PBXBuildFile; fileRef = 47266F08248BA944004D57DE /* Images.swift */; };
		47266F0E248BA944004D57DE /* AppDelegate.swift in Sources */ = {isa = PBXBuildFile; fileRef = 47266F09248BA944004D57DE /* AppDelegate.swift */; };
		47266F14248BA94F004D57DE /* SavedRepos.swift in Sources */ = {isa = PBXBuildFile; fileRef = 47266F0F248BA94E004D57DE /* SavedRepos.swift */; };
		47266F15248BA94F004D57DE /* StyledText.swift in Sources */ = {isa = PBXBuildFile; fileRef = 47266F10248BA94E004D57DE /* StyledText.swift */; };
		47266F16248BA94F004D57DE /* RootViewFunctions.swift in Sources */ = {isa = PBXBuildFile; fileRef = 47266F11248BA94E004D57DE /* RootViewFunctions.swift */; };
		47266F17248BA94F004D57DE /* StatusMessages.swift in Sources */ = {isa = PBXBuildFile; fileRef = 47266F12248BA94E004D57DE /* StatusMessages.swift */; };
		47266F18248BA94F004D57DE /* UndoRedoManager.swift in Sources */ = {isa = PBXBuildFile; fileRef = 47266F13248BA94F004D57DE /* UndoRedoManager.swift */; };
		47266F1B248BA98B004D57DE /* Utilities in Frameworks */ = {isa = PBXBuildFile; productRef = 47266F1A248BA98B004D57DE /* Utilities */; };
		47D2ADAE248BD10100CF0DF7 /* KeyCommands.swift in Sources */ = {isa = PBXBuildFile; fileRef = 47D2ADAD248BD10100CF0DF7 /* KeyCommands.swift */; };
/* End PBXBuildFile section */

/* Begin PBXFileReference section */
		47266ED3248BA88A004D57DE /* PackageManager.app */ = {isa = PBXFileReference; explicitFileType = wrapper.application; includeInIndex = 0; path = PackageManager.app; sourceTree = BUILT_PRODUCTS_DIR; };
		47266EE2248BA88C004D57DE /* Info.plist */ = {isa = PBXFileReference; lastKnownFileType = text.plist.xml; path = Info.plist; sourceTree = "<group>"; };
		47266EE3248BA88C004D57DE /* PackageManager.entitlements */ = {isa = PBXFileReference; lastKnownFileType = text.plist.entitlements; path = PackageManager.entitlements; sourceTree = "<group>"; };
		47266EE9248BA916004D57DE /* Assets.xcassets */ = {isa = PBXFileReference; lastKnownFileType = folder.assetcatalog; path = Assets.xcassets; sourceTree = "<group>"; };
		47266EED248BA91E004D57DE /* Base */ = {isa = PBXFileReference; lastKnownFileType = file.storyboard; name = Base; path = Main.storyboard; sourceTree = "<group>"; };
		47266EF0248BA926004D57DE /* Preview Assets.xcassets */ = {isa = PBXFileReference; lastKnownFileType = folder.assetcatalog; path = "Preview Assets.xcassets"; sourceTree = "<group>"; };
		47266EF3248BA92A004D57DE /* Preview Assets.xcassets */ = {isa = PBXFileReference; lastKnownFileType = folder.assetcatalog; path = "Preview Assets.xcassets"; sourceTree = "<group>"; };
		47266EF5248BA932004D57DE /* ProjectUtilities.swift */ = {isa = PBXFileReference; fileEncoding = 4; lastKnownFileType = sourcecode.swift; path = ProjectUtilities.swift; sourceTree = "<group>"; };
		47266EF8248BA93C004D57DE /* Tooltip.swift */ = {isa = PBXFileReference; fileEncoding = 4; lastKnownFileType = sourcecode.swift; path = Tooltip.swift; sourceTree = "<group>"; };
		47266EFA248BA93C004D57DE /* GeneralSheet.swift */ = {isa = PBXFileReference; fileEncoding = 4; lastKnownFileType = sourcecode.swift; path = GeneralSheet.swift; sourceTree = "<group>"; };
		47266EFB248BA93C004D57DE /* AddRepoSheet.swift */ = {isa = PBXFileReference; fileEncoding = 4; lastKnownFileType = sourcecode.swift; path = AddRepoSheet.swift; sourceTree = "<group>"; };
		47266EFC248BA93C004D57DE /* RootView.swift */ = {isa = PBXFileReference; fileEncoding = 4; lastKnownFileType = sourcecode.swift; path = RootView.swift; sourceTree = "<group>"; };
		47266EFD248BA93C004D57DE /* SearchBar.swift */ = {isa = PBXFileReference; fileEncoding = 4; lastKnownFileType = sourcecode.swift; path = SearchBar.swift; sourceTree = "<group>"; };
		47266EFE248BA93C004D57DE /* TitlebarView.swift */ = {isa = PBXFileReference; fileEncoding = 4; lastKnownFileType = sourcecode.swift; path = TitlebarView.swift; sourceTree = "<group>"; };
		47266F05248BA944004D57DE /* DidChoosePlaygrounds.swift */ = {isa = PBXFileReference; fileEncoding = 4; lastKnownFileType = sourcecode.swift; path = DidChoosePlaygrounds.swift; sourceTree = "<group>"; };
		47266F06248BA944004D57DE /* FilterRepositories.swift */ = {isa = PBXFileReference; fileEncoding = 4; lastKnownFileType = sourcecode.swift; path = FilterRepositories.swift; sourceTree = "<group>"; };
		47266F07248BA944004D57DE /* Globals.swift */ = {isa = PBXFileReference; fileEncoding = 4; lastKnownFileType = sourcecode.swift; path = Globals.swift; sourceTree = "<group>"; };
		47266F08248BA944004D57DE /* Images.swift */ = {isa = PBXFileReference; fileEncoding = 4; lastKnownFileType = sourcecode.swift; path = Images.swift; sourceTree = "<group>"; };
		47266F09248BA944004D57DE /* AppDelegate.swift */ = {isa = PBXFileReference; fileEncoding = 4; lastKnownFileType = sourcecode.swift; path = AppDelegate.swift; sourceTree = "<group>"; };
		47266F0F248BA94E004D57DE /* SavedRepos.swift */ = {isa = PBXFileReference; fileEncoding = 4; lastKnownFileType = sourcecode.swift; path = SavedRepos.swift; sourceTree = "<group>"; };
		47266F10248BA94E004D57DE /* StyledText.swift */ = {isa = PBXFileReference; fileEncoding = 4; lastKnownFileType = sourcecode.swift; path = StyledText.swift; sourceTree = "<group>"; };
		47266F11248BA94E004D57DE /* RootViewFunctions.swift */ = {isa = PBXFileReference; fileEncoding = 4; lastKnownFileType = sourcecode.swift; path = RootViewFunctions.swift; sourceTree = "<group>"; };
		47266F12248BA94E004D57DE /* StatusMessages.swift */ = {isa = PBXFileReference; fileEncoding = 4; lastKnownFileType = sourcecode.swift; path = StatusMessages.swift; sourceTree = "<group>"; };
		47266F13248BA94F004D57DE /* UndoRedoManager.swift */ = {isa = PBXFileReference; fileEncoding = 4; lastKnownFileType = sourcecode.swift; path = UndoRedoManager.swift; sourceTree = "<group>"; };
		47D2ADAD248BD10100CF0DF7 /* KeyCommands.swift */ = {isa = PBXFileReference; lastKnownFileType = sourcecode.swift; path = KeyCommands.swift; sourceTree = "<group>"; };
/* End PBXFileReference section */

/* Begin PBXFrameworksBuildPhase section */
		47266ED0248BA88A004D57DE /* Frameworks */ = {
			isa = PBXFrameworksBuildPhase;
			buildActionMask = 2147483647;
			files = (
				47266F1B248BA98B004D57DE /* Utilities in Frameworks */,
			);
			runOnlyForDeploymentPostprocessing = 0;
		};
/* End PBXFrameworksBuildPhase section */

/* Begin PBXGroup section */
		47266ECA248BA88A004D57DE = {
			isa = PBXGroup;
			children = (
				47266ED5248BA88A004D57DE /* PackageManager */,
				47266ED4248BA88A004D57DE /* Products */,
			);
			sourceTree = "<group>";
		};
		47266ED4248BA88A004D57DE /* Products */ = {
			isa = PBXGroup;
			children = (
				47266ED3248BA88A004D57DE /* PackageManager.app */,
			);
			name = Products;
			sourceTree = "<group>";
		};
		47266ED5248BA88A004D57DE /* PackageManager */ = {
			isa = PBXGroup;
			children = (
				47266F09248BA944004D57DE /* AppDelegate.swift */,
				47D2ADAD248BD10100CF0DF7 /* KeyCommands.swift */,
				47266F05248BA944004D57DE /* DidChoosePlaygrounds.swift */,
				47266F06248BA944004D57DE /* FilterRepositories.swift */,
				47266F07248BA944004D57DE /* Globals.swift */,
				47266F08248BA944004D57DE /* Images.swift */,
				47266F11248BA94E004D57DE /* RootViewFunctions.swift */,
				47266F0F248BA94E004D57DE /* SavedRepos.swift */,
				47266F12248BA94E004D57DE /* StatusMessages.swift */,
				47266F10248BA94E004D57DE /* StyledText.swift */,
				47266F13248BA94F004D57DE /* UndoRedoManager.swift */,
				47266EF7248BA93C004D57DE /* Views */,
				47266EF4248BA932004D57DE /* support */,
				47266EF2248BA92A004D57DE /* Preview Content */,
				47266EE9248BA916004D57DE /* Assets.xcassets */,
				47266EEB248BA91E004D57DE /* Base.lproj */,
				47266EE2248BA88C004D57DE /* Info.plist */,
				47266EE3248BA88C004D57DE /* PackageManager.entitlements */,
			);
			path = PackageManager;
			sourceTree = "<group>";
		};
		47266EEB248BA91E004D57DE /* Base.lproj */ = {
			isa = PBXGroup;
			children = (
				47266EEF248BA926004D57DE /* Preview Content */,
				47266EEC248BA91E004D57DE /* Main.storyboard */,
			);
			name = Base.lproj;
			path = "../../../../Other/Archive/Projects/PackageManagerBackups/PlaygroundPackageManager 6 for copying over/PlaygroundPackageManager/Base.lproj";
			sourceTree = "<group>";
		};
		47266EEF248BA926004D57DE /* Preview Content */ = {
			isa = PBXGroup;
			children = (
				47266EF0248BA926004D57DE /* Preview Assets.xcassets */,
			);
			name = "Preview Content";
			path = "../Preview Content";
			sourceTree = "<group>";
		};
		47266EF2248BA92A004D57DE /* Preview Content */ = {
			isa = PBXGroup;
			children = (
				47266EF3248BA92A004D57DE /* Preview Assets.xcassets */,
			);
			path = "Preview Content";
			sourceTree = "<group>";
		};
		47266EF4248BA932004D57DE /* support */ = {
			isa = PBXGroup;
			children = (
				47266EF5248BA932004D57DE /* ProjectUtilities.swift */,
			);
			path = support;
			sourceTree = "<group>";
		};
		47266EF7248BA93C004D57DE /* Views */ = {
			isa = PBXGroup;
			children = (
				47266EF8248BA93C004D57DE /* Tooltip.swift */,
				47266EF9248BA93C004D57DE /* Sheets */,
				47266EFC248BA93C004D57DE /* RootView.swift */,
				47266EFD248BA93C004D57DE /* SearchBar.swift */,
				47266EFE248BA93C004D57DE /* TitlebarView.swift */,
			);
			path = Views;
			sourceTree = "<group>";
		};
		47266EF9248BA93C004D57DE /* Sheets */ = {
			isa = PBXGroup;
			children = (
				47266EFA248BA93C004D57DE /* GeneralSheet.swift */,
				47266EFB248BA93C004D57DE /* AddRepoSheet.swift */,
			);
			path = Sheets;
			sourceTree = "<group>";
		};
/* End PBXGroup section */

/* Begin PBXNativeTarget section */
		47266ED2248BA88A004D57DE /* PackageManager */ = {
			isa = PBXNativeTarget;
			buildConfigurationList = 47266EE6248BA88C004D57DE /* Build configuration list for PBXNativeTarget "PackageManager" */;
			buildPhases = (
				47266ECF248BA88A004D57DE /* Sources */,
				47266ED0248BA88A004D57DE /* Frameworks */,
				47266ED1248BA88A004D57DE /* Resources */,
			);
			buildRules = (
			);
			dependencies = (
			);
			name = PackageManager;
			packageProductDependencies = (
				47266F1A248BA98B004D57DE /* Utilities */,
			);
			productName = PackageManager;
			productReference = 47266ED3248BA88A004D57DE /* PackageManager.app */;
			productType = "com.apple.product-type.application";
		};
/* End PBXNativeTarget section */

/* Begin PBXProject section */
		47266ECB248BA88A004D57DE /* Project object */ = {
			isa = PBXProject;
			attributes = {
				LastSwiftUpdateCheck = 1150;
				LastUpgradeCheck = 1150;
				ORGANIZATIONNAME = "Peter Schorn";
				TargetAttributes = {
					47266ED2248BA88A004D57DE = {
						CreatedOnToolsVersion = 11.5;
					};
				};
			};
			buildConfigurationList = 47266ECE248BA88A004D57DE /* Build configuration list for PBXProject "PackageManager" */;
			compatibilityVersion = "Xcode 9.3";
			developmentRegion = en;
			hasScannedForEncodings = 0;
			knownRegions = (
				en,
				Base,
			);
			mainGroup = 47266ECA248BA88A004D57DE;
			packageReferences = (
				47266F19248BA98B004D57DE /* XCRemoteSwiftPackageReference "Swift_Utilities" */,
			);
			productRefGroup = 47266ED4248BA88A004D57DE /* Products */;
			projectDirPath = "";
			projectRoot = "";
			targets = (
				47266ED2248BA88A004D57DE /* PackageManager */,
			);
		};
/* End PBXProject section */

/* Begin PBXResourcesBuildPhase section */
		47266ED1248BA88A004D57DE /* Resources */ = {
			isa = PBXResourcesBuildPhase;
			buildActionMask = 2147483647;
			files = (
				47266EEA248BA917004D57DE /* Assets.xcassets in Resources */,
				47266EF1248BA926004D57DE /* Preview Assets.xcassets in Resources */,
				47266EEE248BA91E004D57DE /* Main.storyboard in Resources */,
			);
			runOnlyForDeploymentPostprocessing = 0;
		};
/* End PBXResourcesBuildPhase section */

/* Begin PBXSourcesBuildPhase section */
		47266ECF248BA88A004D57DE /* Sources */ = {
			isa = PBXSourcesBuildPhase;
			buildActionMask = 2147483647;
			files = (
				47266F0E248BA944004D57DE /* AppDelegate.swift in Sources */,
				47266EF6248BA933004D57DE /* ProjectUtilities.swift in Sources */,
				47266F18248BA94F004D57DE /* UndoRedoManager.swift in Sources */,
				47266F01248BA93C004D57DE /* AddRepoSheet.swift in Sources */,
				47266F00248BA93C004D57DE /* GeneralSheet.swift in Sources */,
				47266F0D248BA944004D57DE /* Images.swift in Sources */,
				47266EFF248BA93C004D57DE /* Tooltip.swift in Sources */,
				47266F0B248BA944004D57DE /* FilterRepositories.swift in Sources */,
				47266F02248BA93C004D57DE /* RootView.swift in Sources */,
				47D2ADAE248BD10100CF0DF7 /* KeyCommands.swift in Sources */,
				47266F03248BA93C004D57DE /* SearchBar.swift in Sources */,
				47266F04248BA93C004D57DE /* TitlebarView.swift in Sources */,
				47266F16248BA94F004D57DE /* RootViewFunctions.swift in Sources */,
				47266F17248BA94F004D57DE /* StatusMessages.swift in Sources */,
				47266F0C248BA944004D57DE /* Globals.swift in Sources */,
				47266F0A248BA944004D57DE /* DidChoosePlaygrounds.swift in Sources */,
				47266F14248BA94F004D57DE /* SavedRepos.swift in Sources */,
				47266F15248BA94F004D57DE /* StyledText.swift in Sources */,
			);
			runOnlyForDeploymentPostprocessing = 0;
		};
/* End PBXSourcesBuildPhase section */

/* Begin PBXVariantGroup section */
		47266EEC248BA91E004D57DE /* Main.storyboard */ = {
			isa = PBXVariantGroup;
			children = (
				47266EED248BA91E004D57DE /* Base */,
			);
			name = Main.storyboard;
			sourceTree = "<group>";
		};
/* End PBXVariantGroup section */

/* Begin XCBuildConfiguration section */
		47266EE4248BA88C004D57DE /* Debug */ = {
			isa = XCBuildConfiguration;
			buildSettings = {
				ALWAYS_SEARCH_USER_PATHS = NO;
				CLANG_ANALYZER_NONNULL = YES;
				CLANG_ANALYZER_NUMBER_OBJECT_CONVERSION = YES_AGGRESSIVE;
				CLANG_CXX_LANGUAGE_STANDARD = "gnu++14";
				CLANG_CXX_LIBRARY = "libc++";
				CLANG_ENABLE_MODULES = YES;
				CLANG_ENABLE_OBJC_ARC = YES;
				CLANG_ENABLE_OBJC_WEAK = YES;
				CLANG_WARN_BLOCK_CAPTURE_AUTORELEASING = YES;
				CLANG_WARN_BOOL_CONVERSION = YES;
				CLANG_WARN_COMMA = YES;
				CLANG_WARN_CONSTANT_CONVERSION = YES;
				CLANG_WARN_DEPRECATED_OBJC_IMPLEMENTATIONS = YES;
				CLANG_WARN_DIRECT_OBJC_ISA_USAGE = YES_ERROR;
				CLANG_WARN_DOCUMENTATION_COMMENTS = YES;
				CLANG_WARN_EMPTY_BODY = YES;
				CLANG_WARN_ENUM_CONVERSION = YES;
				CLANG_WARN_INFINITE_RECURSION = YES;
				CLANG_WARN_INT_CONVERSION = YES;
				CLANG_WARN_NON_LITERAL_NULL_CONVERSION = YES;
				CLANG_WARN_OBJC_IMPLICIT_RETAIN_SELF = YES;
				CLANG_WARN_OBJC_LITERAL_CONVERSION = YES;
				CLANG_WARN_OBJC_ROOT_CLASS = YES_ERROR;
				CLANG_WARN_RANGE_LOOP_ANALYSIS = YES;
				CLANG_WARN_STRICT_PROTOTYPES = YES;
				CLANG_WARN_SUSPICIOUS_MOVE = YES;
				CLANG_WARN_UNGUARDED_AVAILABILITY = YES_AGGRESSIVE;
				CLANG_WARN_UNREACHABLE_CODE = YES;
				CLANG_WARN__DUPLICATE_METHOD_MATCH = YES;
				COPY_PHASE_STRIP = NO;
				DEBUG_INFORMATION_FORMAT = dwarf;
				ENABLE_STRICT_OBJC_MSGSEND = YES;
				ENABLE_TESTABILITY = YES;
				GCC_C_LANGUAGE_STANDARD = gnu11;
				GCC_DYNAMIC_NO_PIC = NO;
				GCC_NO_COMMON_BLOCKS = YES;
				GCC_OPTIMIZATION_LEVEL = 0;
				GCC_PREPROCESSOR_DEFINITIONS = (
					"DEBUG=1",
					"$(inherited)",
				);
				GCC_WARN_64_TO_32_BIT_CONVERSION = YES;
				GCC_WARN_ABOUT_RETURN_TYPE = YES_ERROR;
				GCC_WARN_UNDECLARED_SELECTOR = YES;
				GCC_WARN_UNINITIALIZED_AUTOS = YES_AGGRESSIVE;
				GCC_WARN_UNUSED_FUNCTION = YES;
				GCC_WARN_UNUSED_VARIABLE = YES;
				MACOSX_DEPLOYMENT_TARGET = 10.15;
				MTL_ENABLE_DEBUG_INFO = INCLUDE_SOURCE;
				MTL_FAST_MATH = YES;
				ONLY_ACTIVE_ARCH = YES;
				SDKROOT = macosx;
				SWIFT_ACTIVE_COMPILATION_CONDITIONS = DEBUG;
				SWIFT_OPTIMIZATION_LEVEL = "-Onone";
			};
			name = Debug;
		};
		47266EE5248BA88C004D57DE /* Release */ = {
			isa = XCBuildConfiguration;
			buildSettings = {
				ALWAYS_SEARCH_USER_PATHS = NO;
				CLANG_ANALYZER_NONNULL = YES;
				CLANG_ANALYZER_NUMBER_OBJECT_CONVERSION = YES_AGGRESSIVE;
				CLANG_CXX_LANGUAGE_STANDARD = "gnu++14";
				CLANG_CXX_LIBRARY = "libc++";
				CLANG_ENABLE_MODULES = YES;
				CLANG_ENABLE_OBJC_ARC = YES;
				CLANG_ENABLE_OBJC_WEAK = YES;
				CLANG_WARN_BLOCK_CAPTURE_AUTORELEASING = YES;
				CLANG_WARN_BOOL_CONVERSION = YES;
				CLANG_WARN_COMMA = YES;
				CLANG_WARN_CONSTANT_CONVERSION = YES;
				CLANG_WARN_DEPRECATED_OBJC_IMPLEMENTATIONS = YES;
				CLANG_WARN_DIRECT_OBJC_ISA_USAGE = YES_ERROR;
				CLANG_WARN_DOCUMENTATION_COMMENTS = YES;
				CLANG_WARN_EMPTY_BODY = YES;
				CLANG_WARN_ENUM_CONVERSION = YES;
				CLANG_WARN_INFINITE_RECURSION = YES;
				CLANG_WARN_INT_CONVERSION = YES;
				CLANG_WARN_NON_LITERAL_NULL_CONVERSION = YES;
				CLANG_WARN_OBJC_IMPLICIT_RETAIN_SELF = YES;
				CLANG_WARN_OBJC_LITERAL_CONVERSION = YES;
				CLANG_WARN_OBJC_ROOT_CLASS = YES_ERROR;
				CLANG_WARN_RANGE_LOOP_ANALYSIS = YES;
				CLANG_WARN_STRICT_PROTOTYPES = YES;
				CLANG_WARN_SUSPICIOUS_MOVE = YES;
				CLANG_WARN_UNGUARDED_AVAILABILITY = YES_AGGRESSIVE;
				CLANG_WARN_UNREACHABLE_CODE = YES;
				CLANG_WARN__DUPLICATE_METHOD_MATCH = YES;
				COPY_PHASE_STRIP = NO;
				DEBUG_INFORMATION_FORMAT = "dwarf-with-dsym";
				ENABLE_NS_ASSERTIONS = NO;
				ENABLE_STRICT_OBJC_MSGSEND = YES;
				GCC_C_LANGUAGE_STANDARD = gnu11;
				GCC_NO_COMMON_BLOCKS = YES;
				GCC_WARN_64_TO_32_BIT_CONVERSION = YES;
				GCC_WARN_ABOUT_RETURN_TYPE = YES_ERROR;
				GCC_WARN_UNDECLARED_SELECTOR = YES;
				GCC_WARN_UNINITIALIZED_AUTOS = YES_AGGRESSIVE;
				GCC_WARN_UNUSED_FUNCTION = YES;
				GCC_WARN_UNUSED_VARIABLE = YES;
				MACOSX_DEPLOYMENT_TARGET = 10.15;
				MTL_ENABLE_DEBUG_INFO = NO;
				MTL_FAST_MATH = YES;
				SDKROOT = macosx;
				SWIFT_COMPILATION_MODE = wholemodule;
				SWIFT_OPTIMIZATION_LEVEL = "-O";
			};
			name = Release;
		};
		47266EE7248BA88C004D57DE /* Debug */ = {
			isa = XCBuildConfiguration;
			buildSettings = {
				ASSETCATALOG_COMPILER_APPICON_NAME = AppIcon;
				CODE_SIGN_ENTITLEMENTS = PackageManager/PackageManager.entitlements;
				CODE_SIGN_STYLE = Automatic;
				COMBINE_HIDPI_IMAGES = YES;
				DEVELOPMENT_ASSET_PATHS = "\"PackageManager/Preview Content\"";
				DEVELOPMENT_TEAM = NB77K8UB8Y;
				ENABLE_HARDENED_RUNTIME = YES;
				ENABLE_PREVIEWS = YES;
				INFOPLIST_FILE = PackageManager/Info.plist;
				LD_RUNPATH_SEARCH_PATHS = (
					"$(inherited)",
					"@executable_path/../Frameworks",
				);
				MACOSX_DEPLOYMENT_TARGET = 10.15;
				PRODUCT_BUNDLE_IDENTIFIER = "Peter-Schorn.PackageManager";
				PRODUCT_NAME = "$(TARGET_NAME)";
				SWIFT_VERSION = 5.0;
			};
			name = Debug;
		};
		47266EE8248BA88C004D57DE /* Release */ = {
			isa = XCBuildConfiguration;
			buildSettings = {
				ASSETCATALOG_COMPILER_APPICON_NAME = AppIcon;
				CODE_SIGN_ENTITLEMENTS = PackageManager/PackageManager.entitlements;
				CODE_SIGN_STYLE = Automatic;
				COMBINE_HIDPI_IMAGES = YES;
				DEVELOPMENT_ASSET_PATHS = "\"PackageManager/Preview Content\"";
				DEVELOPMENT_TEAM = NB77K8UB8Y;
				ENABLE_HARDENED_RUNTIME = YES;
				ENABLE_PREVIEWS = YES;
				INFOPLIST_FILE = PackageManager/Info.plist;
				LD_RUNPATH_SEARCH_PATHS = (
					"$(inherited)",
					"@executable_path/../Frameworks",
				);
				MACOSX_DEPLOYMENT_TARGET = 10.15;
				PRODUCT_BUNDLE_IDENTIFIER = "Peter-Schorn.PackageManager";
				PRODUCT_NAME = "$(TARGET_NAME)";
				SWIFT_VERSION = 5.0;
			};
			name = Release;
		};
/* End XCBuildConfiguration section */

/* Begin XCConfigurationList section */
		47266ECE248BA88A004D57DE /* Build configuration list for PBXProject "PackageManager" */ = {
			isa = XCConfigurationList;
			buildConfigurations = (
				47266EE4248BA88C004D57DE /* Debug */,
				47266EE5248BA88C004D57DE /* Release */,
			);
			defaultConfigurationIsVisible = 0;
			defaultConfigurationName = Release;
		};
		47266EE6248BA88C004D57DE /* Build configuration list for PBXNativeTarget "PackageManager" */ = {
			isa = XCConfigurationList;
			buildConfigurations = (
				47266EE7248BA88C004D57DE /* Debug */,
				47266EE8248BA88C004D57DE /* Release */,
			);
			defaultConfigurationIsVisible = 0;
			defaultConfigurationName = Release;
		};
/* End XCConfigurationList section */

/* Begin XCRemoteSwiftPackageReference section */
		47266F19248BA98B004D57DE /* XCRemoteSwiftPackageReference "Swift_Utilities" */ = {
			isa = XCRemoteSwiftPackageReference;
			repositoryURL = "https://github.com/Peter-Schorn/Swift_Utilities.git";
			requirement = {
				kind = upToNextMajorVersion;
				minimumVersion = 2.1.14;
			};
		};
/* End XCRemoteSwiftPackageReference section */

/* Begin XCSwiftPackageProductDependency section */
		47266F1A248BA98B004D57DE /* Utilities */ = {
			isa = XCSwiftPackageProductDependency;
			package = 47266F19248BA98B004D57DE /* XCRemoteSwiftPackageReference "Swift_Utilities" */;
			productName = Utilities;
		};
/* End XCSwiftPackageProductDependency section */
	};
	rootObject = 47266ECB248BA88A004D57DE /* Project object */;
}
